Microsoft Visual Studio Solution File, Format Version 11.00
# Visual Studio 2008

Project("{B2A1BAAD-D50E-701C-B35D-4E9B2A9FEA8D}") = "Amphibiotic Wars", "Assembly-CSharp.csproj", "{32CC5F8F-CC57-8221-7213-BECAC204F373}"
EndProject
Global
	GlobalSection(SolutionConfigurationPlatforms) = preSolution
		Debug|Any CPU = Debug|Any CPU
		Release|Any CPU = Release|Any CPU
	EndGlobalSection
	GlobalSection(ProjectConfigurationPlatforms) = postSolution
		{32CC5F8F-CC57-8221-7213-BECAC204F373}.Debug|Any CPU.ActiveCfg = Debug|Any CPU
		{32CC5F8F-CC57-8221-7213-BECAC204F373}.Debug|Any CPU.Build.0 = Debug|Any CPU
		{32CC5F8F-CC57-8221-7213-BECAC204F373}.Release|Any CPU.ActiveCfg = Release|Any CPU
		{32CC5F8F-CC57-8221-7213-BECAC204F373}.Release|Any CPU.Build.0 = Release|Any CPU
	EndGlobalSection
	GlobalSection(SolutionProperties) = preSolution
		HideSolutionNode = FALSE
	EndGlobalSection
	GlobalSection(MonoDevelopProperties) = preSolution
		StartupItem = Assembly-CSharp.csproj
	EndGlobalSection
EndGlobal
